// !$*UTF8*$!
{
	archiveVersion = 1;
	classes = {
	};
	objectVersion = 51;
	objects = {

/* Begin PBXBuildFile section */
		21ACD47825FA39A00084DEAF /* FilmDetails.swift in Sources */ = {isa = PBXBuildFile; fileRef = 21ACD47725FA39A00084DEAF /* FilmDetails.swift */; };
		21D43F5225F0E09C0095AD0B /* AppDelegate.swift in Sources */ = {isa = PBXBuildFile; fileRef = 21D43F5125F0E09C0095AD0B /* AppDelegate.swift */; };
		21D43F5425F0E09C0095AD0B /* SceneDelegate.swift in Sources */ = {isa = PBXBuildFile; fileRef = 21D43F5325F0E09C0095AD0B /* SceneDelegate.swift */; };
		21D43F5625F0E09C0095AD0B /* MovieListViewController.swift in Sources */ = {isa = PBXBuildFile; fileRef = 21D43F5525F0E09C0095AD0B /* MovieListViewController.swift */; };
		21D43F5925F0E09C0095AD0B /* Main.storyboard in Resources */ = {isa = PBXBuildFile; fileRef = 21D43F5725F0E09C0095AD0B /* Main.storyboard */; };
		21D43F5B25F0E09E0095AD0B /* Assets.xcassets in Resources */ = {isa = PBXBuildFile; fileRef = 21D43F5A25F0E09E0095AD0B /* Assets.xcassets */; };
		21D43F5E25F0E09E0095AD0B /* LaunchScreen.storyboard in Resources */ = {isa = PBXBuildFile; fileRef = 21D43F5C25F0E09E0095AD0B /* LaunchScreen.storyboard */; };
		21EFD42F25F68C3C00DE1ACD /* FilmsApi.swift in Sources */ = {isa = PBXBuildFile; fileRef = 21EFD42E25F68C3C00DE1ACD /* FilmsApi.swift */; };
		21EFD43225F68DCA00DE1ACD /* Filter.swift in Sources */ = {isa = PBXBuildFile; fileRef = 21EFD43125F68DCA00DE1ACD /* Filter.swift */; };
		21EFD43525F68F3B00DE1ACD /* FilterTitle.swift in Sources */ = {isa = PBXBuildFile; fileRef = 21EFD43425F68F3B00DE1ACD /* FilterTitle.swift */; };
		21EFD43C25F693A500DE1ACD /* FilterCollectionView.swift in Sources */ = {isa = PBXBuildFile; fileRef = 21EFD43B25F693A500DE1ACD /* FilterCollectionView.swift */; };
		21EFD43F25F6973D00DE1ACD /* FilterCollectionViewCell.swift in Sources */ = {isa = PBXBuildFile; fileRef = 21EFD43E25F6973D00DE1ACD /* FilterCollectionViewCell.swift */; };
		21EFD45025F79A9100DE1ACD /* DetailsViewController.swift in Sources */ = {isa = PBXBuildFile; fileRef = 21EFD44F25F79A9100DE1ACD /* DetailsViewController.swift */; };
		21EFD45625F7AD8F00DE1ACD /* MovieTableViewCell.swift in Sources */ = {isa = PBXBuildFile; fileRef = 21EFD45525F7AD8F00DE1ACD /* MovieTableViewCell.swift */; };
		8068D226264E989D0025EE83 /* GenreItem+CoreDataProperties.swift in Sources */ = {isa = PBXBuildFile; fileRef = 8068D223264E989D0025EE83 /* GenreItem+CoreDataProperties.swift */; };
		8068D22B264E98F10025EE83 /* CountryItem+CoreDataClass.swift in Sources */ = {isa = PBXBuildFile; fileRef = 8068D229264E98F10025EE83 /* CountryItem+CoreDataClass.swift */; };
		8068D22C264E98F10025EE83 /* CountryItem+CoreDataProperties.swift in Sources */ = {isa = PBXBuildFile; fileRef = 8068D22A264E98F10025EE83 /* CountryItem+CoreDataProperties.swift */; };
		8068D231264E9BA10025EE83 /* FilmItem+CoreDataProperties.swift in Sources */ = {isa = PBXBuildFile; fileRef = 8068D230264E9BA10025EE83 /* FilmItem+CoreDataProperties.swift */; };
		8068D256264EA59B0025EE83 /* MovieAppTests.swift in Sources */ = {isa = PBXBuildFile; fileRef = 8068D255264EA59B0025EE83 /* MovieAppTests.swift */; };
		8068D260264EA5E30025EE83 /* MovieViewModelTest.swift in Sources */ = {isa = PBXBuildFile; fileRef = 8068D25F264EA5E30025EE83 /* MovieViewModelTest.swift */; };
		8068D264265031730025EE83 /* DetailsViewModelTest.swift in Sources */ = {isa = PBXBuildFile; fileRef = 8068D263265031730025EE83 /* DetailsViewModelTest.swift */; };
		8068D26A2650472F0025EE83 /* CoordinatorTest.swift in Sources */ = {isa = PBXBuildFile; fileRef = 8068D2692650472F0025EE83 /* CoordinatorTest.swift */; };
		80771224264BCE5500C184FD /* MovieListCellViewModelProtocol.swift in Sources */ = {isa = PBXBuildFile; fileRef = 80771223264BCE5500C184FD /* MovieListCellViewModelProtocol.swift */; };
		80771227264BD08700C184FD /* MovieListCellViewModel.swift in Sources */ = {isa = PBXBuildFile; fileRef = 80771226264BD08700C184FD /* MovieListCellViewModel.swift */; };
		8077122A264BE19100C184FD /* ModuleBuilder.swift in Sources */ = {isa = PBXBuildFile; fileRef = 80771229264BE19100C184FD /* ModuleBuilder.swift */; };
		80AEF563264AAD950087E304 /* MovieListViewModel.swift in Sources */ = {isa = PBXBuildFile; fileRef = 80AEF562264AAD950087E304 /* MovieListViewModel.swift */; };
		80AEF577264AAF7C0087E304 /* DetailsViewModel.swift in Sources */ = {isa = PBXBuildFile; fileRef = 80AEF576264AAF7C0087E304 /* DetailsViewModel.swift */; };
		80AEF57C264ACCA30087E304 /* NetworkService.swift in Sources */ = {isa = PBXBuildFile; fileRef = 80AEF57B264ACCA30087E304 /* NetworkService.swift */; };
		80AEF5BB264B96AD0087E304 /* MovieListViewModelProtocol.swift in Sources */ = {isa = PBXBuildFile; fileRef = 80AEF5BA264B96AD0087E304 /* MovieListViewModelProtocol.swift */; };
		80AEF5BE264B96D90087E304 /* MovieListProtocol.swift in Sources */ = {isa = PBXBuildFile; fileRef = 80AEF5BD264B96D90087E304 /* MovieListProtocol.swift */; };
		80B603A0264D21E60049BB58 /* CoreDataStack.swift in Sources */ = {isa = PBXBuildFile; fileRef = 80B6039F264D21E60049BB58 /* CoreDataStack.swift */; };
		80B603A7264D2D2E0049BB58 /* MovieApp.xcdatamodeld in Sources */ = {isa = PBXBuildFile; fileRef = 80B603A5264D2D2E0049BB58 /* MovieApp.xcdatamodeld */; };
		80DC3465264D67E400859D7F /* FilmItem+CoreDataClass.swift in Sources */ = {isa = PBXBuildFile; fileRef = 80DC345F264D67E400859D7F /* FilmItem+CoreDataClass.swift */; };
		80DC3474264DC14200859D7F /* CoreDataService.swift in Sources */ = {isa = PBXBuildFile; fileRef = 80DC3473264DC14200859D7F /* CoreDataService.swift */; };
		80DC3484264E4D8E00859D7F /* NSSetExtensions.swift in Sources */ = {isa = PBXBuildFile; fileRef = 80DC3482264E4D8E00859D7F /* NSSetExtensions.swift */; };
		80DC3485264E4D8E00859D7F /* IntExtensions.swift in Sources */ = {isa = PBXBuildFile; fileRef = 80DC3483264E4D8E00859D7F /* IntExtensions.swift */; };
		80DC3489264E4D9E00859D7F /* StringExtensions.swift in Sources */ = {isa = PBXBuildFile; fileRef = 80DC3487264E4D9D00859D7F /* StringExtensions.swift */; };
		80DC348A264E4D9E00859D7F /* Errors.swift in Sources */ = {isa = PBXBuildFile; fileRef = 80DC3488264E4D9D00859D7F /* Errors.swift */; };
		80DC348D264E4DA900859D7F /* DispatchQueue+Extensions.swift in Sources */ = {isa = PBXBuildFile; fileRef = 80DC348C264E4DA900859D7F /* DispatchQueue+Extensions.swift */; };
		80DC349A264E76F600859D7F /* Reachability.swift in Sources */ = {isa = PBXBuildFile; fileRef = 80DC3499264E76F600859D7F /* Reachability.swift */; };
		80DC34B1264E890600859D7F /* GenreItem+CoreDataClass.swift in Sources */ = {isa = PBXBuildFile; fileRef = 80DC34AE264E890600859D7F /* GenreItem+CoreDataClass.swift */; };
		80F59C18264C274800CD4F00 /* Coordinator.swift in Sources */ = {isa = PBXBuildFile; fileRef = 80F59C17264C274800CD4F00 /* Coordinator.swift */; };
		80F59C1B264C284800CD4F00 /* MainCoordinator.swift in Sources */ = {isa = PBXBuildFile; fileRef = 80F59C1A264C284800CD4F00 /* MainCoordinator.swift */; };
		880A204B0BB674D2DDA35C00 /* Pods_MovieApp.framework in Frameworks */ = {isa = PBXBuildFile; fileRef = 899E35BA5323D98A278381C3 /* Pods_MovieApp.framework */; };
/* End PBXBuildFile section */

/* Begin PBXContainerItemProxy section */
		8068D258264EA59B0025EE83 /* PBXContainerItemProxy */ = {
			isa = PBXContainerItemProxy;
			containerPortal = 21D43F4625F0E09C0095AD0B /* Project object */;
			proxyType = 1;
			remoteGlobalIDString = 21D43F4D25F0E09C0095AD0B;
			remoteInfo = MovieApp;
		};
/* End PBXContainerItemProxy section */

/* Begin PBXFileReference section */
		1941B71E0C0E2438A0895D99 /* Pods-MovieApp.debug.xcconfig */ = {isa = PBXFileReference; includeInIndex = 1; lastKnownFileType = text.xcconfig; name = "Pods-MovieApp.debug.xcconfig"; path = "Target Support Files/Pods-MovieApp/Pods-MovieApp.debug.xcconfig"; sourceTree = "<group>"; };
		21ACD47725FA39A00084DEAF /* FilmDetails.swift */ = {isa = PBXFileReference; lastKnownFileType = sourcecode.swift; path = FilmDetails.swift; sourceTree = "<group>"; };
		21D43F4E25F0E09C0095AD0B /* MovieApp.app */ = {isa = PBXFileReference; explicitFileType = wrapper.application; includeInIndex = 0; path = MovieApp.app; sourceTree = BUILT_PRODUCTS_DIR; };
		21D43F5125F0E09C0095AD0B /* AppDelegate.swift */ = {isa = PBXFileReference; lastKnownFileType = sourcecode.swift; path = AppDelegate.swift; sourceTree = "<group>"; };
		21D43F5325F0E09C0095AD0B /* SceneDelegate.swift */ = {isa = PBXFileReference; lastKnownFileType = sourcecode.swift; path = SceneDelegate.swift; sourceTree = "<group>"; };
		21D43F5525F0E09C0095AD0B /* MovieListViewController.swift */ = {isa = PBXFileReference; lastKnownFileType = sourcecode.swift; path = MovieListViewController.swift; sourceTree = "<group>"; };
		21D43F5825F0E09C0095AD0B /* Base */ = {isa = PBXFileReference; lastKnownFileType = file.storyboard; name = Base; path = Base.lproj/Main.storyboard; sourceTree = "<group>"; };
		21D43F5A25F0E09E0095AD0B /* Assets.xcassets */ = {isa = PBXFileReference; lastKnownFileType = folder.assetcatalog; path = Assets.xcassets; sourceTree = "<group>"; };
		21D43F5D25F0E09E0095AD0B /* Base */ = {isa = PBXFileReference; lastKnownFileType = file.storyboard; name = Base; path = Base.lproj/LaunchScreen.storyboard; sourceTree = "<group>"; };
		21D43F5F25F0E09E0095AD0B /* Info.plist */ = {isa = PBXFileReference; lastKnownFileType = text.plist.xml; path = Info.plist; sourceTree = "<group>"; };
		21EFD42E25F68C3C00DE1ACD /* FilmsApi.swift */ = {isa = PBXFileReference; lastKnownFileType = sourcecode.swift; path = FilmsApi.swift; sourceTree = "<group>"; };
		21EFD43125F68DCA00DE1ACD /* Filter.swift */ = {isa = PBXFileReference; lastKnownFileType = sourcecode.swift; path = Filter.swift; sourceTree = "<group>"; };
		21EFD43425F68F3B00DE1ACD /* FilterTitle.swift */ = {isa = PBXFileReference; lastKnownFileType = sourcecode.swift; path = FilterTitle.swift; sourceTree = "<group>"; };
		21EFD43B25F693A500DE1ACD /* FilterCollectionView.swift */ = {isa = PBXFileReference; lastKnownFileType = sourcecode.swift; path = FilterCollectionView.swift; sourceTree = "<group>"; };
		21EFD43E25F6973D00DE1ACD /* FilterCollectionViewCell.swift */ = {isa = PBXFileReference; lastKnownFileType = sourcecode.swift; path = FilterCollectionViewCell.swift; sourceTree = "<group>"; };
		21EFD44F25F79A9100DE1ACD /* DetailsViewController.swift */ = {isa = PBXFileReference; lastKnownFileType = sourcecode.swift; path = DetailsViewController.swift; sourceTree = "<group>"; };
		21EFD45525F7AD8F00DE1ACD /* MovieTableViewCell.swift */ = {isa = PBXFileReference; lastKnownFileType = sourcecode.swift; path = MovieTableViewCell.swift; sourceTree = "<group>"; };
		7AFD45207B786D5061E6D8B2 /* Pods-MovieApp.release.xcconfig */ = {isa = PBXFileReference; includeInIndex = 1; lastKnownFileType = text.xcconfig; name = "Pods-MovieApp.release.xcconfig"; path = "Target Support Files/Pods-MovieApp/Pods-MovieApp.release.xcconfig"; sourceTree = "<group>"; };
		8068D223264E989D0025EE83 /* GenreItem+CoreDataProperties.swift */ = {isa = PBXFileReference; lastKnownFileType = sourcecode.swift; path = "GenreItem+CoreDataProperties.swift"; sourceTree = SOURCE_ROOT; };
		8068D229264E98F10025EE83 /* CountryItem+CoreDataClass.swift */ = {isa = PBXFileReference; lastKnownFileType = sourcecode.swift; path = "CountryItem+CoreDataClass.swift"; sourceTree = SOURCE_ROOT; };
		8068D22A264E98F10025EE83 /* CountryItem+CoreDataProperties.swift */ = {isa = PBXFileReference; lastKnownFileType = sourcecode.swift; path = "CountryItem+CoreDataProperties.swift"; sourceTree = SOURCE_ROOT; };
		8068D230264E9BA10025EE83 /* FilmItem+CoreDataProperties.swift */ = {isa = PBXFileReference; lastKnownFileType = sourcecode.swift; path = "FilmItem+CoreDataProperties.swift"; sourceTree = SOURCE_ROOT; };
		8068D253264EA59B0025EE83 /* MovieAppTests.xctest */ = {isa = PBXFileReference; explicitFileType = wrapper.cfbundle; includeInIndex = 0; path = MovieAppTests.xctest; sourceTree = BUILT_PRODUCTS_DIR; };
		8068D255264EA59B0025EE83 /* MovieAppTests.swift */ = {isa = PBXFileReference; lastKnownFileType = sourcecode.swift; path = MovieAppTests.swift; sourceTree = "<group>"; };
		8068D257264EA59B0025EE83 /* Info.plist */ = {isa = PBXFileReference; lastKnownFileType = text.plist.xml; path = Info.plist; sourceTree = "<group>"; };
		8068D25F264EA5E30025EE83 /* MovieViewModelTest.swift */ = {isa = PBXFileReference; lastKnownFileType = sourcecode.swift; path = MovieViewModelTest.swift; sourceTree = "<group>"; };
		8068D263265031730025EE83 /* DetailsViewModelTest.swift */ = {isa = PBXFileReference; lastKnownFileType = sourcecode.swift; path = DetailsViewModelTest.swift; sourceTree = "<group>"; };
		8068D2692650472F0025EE83 /* CoordinatorTest.swift */ = {isa = PBXFileReference; lastKnownFileType = sourcecode.swift; path = CoordinatorTest.swift; sourceTree = "<group>"; };
		80771223264BCE5500C184FD /* MovieListCellViewModelProtocol.swift */ = {isa = PBXFileReference; lastKnownFileType = sourcecode.swift; path = MovieListCellViewModelProtocol.swift; sourceTree = "<group>"; };
		80771226264BD08700C184FD /* MovieListCellViewModel.swift */ = {isa = PBXFileReference; lastKnownFileType = sourcecode.swift; path = MovieListCellViewModel.swift; sourceTree = "<group>"; };
		80771229264BE19100C184FD /* ModuleBuilder.swift */ = {isa = PBXFileReference; lastKnownFileType = sourcecode.swift; path = ModuleBuilder.swift; sourceTree = "<group>"; };
		80AEF562264AAD950087E304 /* MovieListViewModel.swift */ = {isa = PBXFileReference; lastKnownFileType = sourcecode.swift; path = MovieListViewModel.swift; sourceTree = "<group>"; };
		80AEF576264AAF7C0087E304 /* DetailsViewModel.swift */ = {isa = PBXFileReference; lastKnownFileType = sourcecode.swift; path = DetailsViewModel.swift; sourceTree = "<group>"; };
		80AEF57B264ACCA30087E304 /* NetworkService.swift */ = {isa = PBXFileReference; lastKnownFileType = sourcecode.swift; path = NetworkService.swift; sourceTree = "<group>"; };
		80AEF5BA264B96AD0087E304 /* MovieListViewModelProtocol.swift */ = {isa = PBXFileReference; lastKnownFileType = sourcecode.swift; path = MovieListViewModelProtocol.swift; sourceTree = "<group>"; };
		80AEF5BD264B96D90087E304 /* MovieListProtocol.swift */ = {isa = PBXFileReference; lastKnownFileType = sourcecode.swift; path = MovieListProtocol.swift; sourceTree = "<group>"; };
		80B6039F264D21E60049BB58 /* CoreDataStack.swift */ = {isa = PBXFileReference; lastKnownFileType = sourcecode.swift; path = CoreDataStack.swift; sourceTree = "<group>"; };
		80B603A6264D2D2E0049BB58 /* MovieApp.xcdatamodel */ = {isa = PBXFileReference; lastKnownFileType = wrapper.xcdatamodel; path = MovieApp.xcdatamodel; sourceTree = "<group>"; };
		80DC345F264D67E400859D7F /* FilmItem+CoreDataClass.swift */ = {isa = PBXFileReference; lastKnownFileType = sourcecode.swift; path = "FilmItem+CoreDataClass.swift"; sourceTree = SOURCE_ROOT; };
		80DC3473264DC14200859D7F /* CoreDataService.swift */ = {isa = PBXFileReference; lastKnownFileType = sourcecode.swift; path = CoreDataService.swift; sourceTree = "<group>"; };
		80DC3482264E4D8E00859D7F /* NSSetExtensions.swift */ = {isa = PBXFileReference; fileEncoding = 4; lastKnownFileType = sourcecode.swift; path = NSSetExtensions.swift; sourceTree = "<group>"; };
		80DC3483264E4D8E00859D7F /* IntExtensions.swift */ = {isa = PBXFileReference; fileEncoding = 4; lastKnownFileType = sourcecode.swift; path = IntExtensions.swift; sourceTree = "<group>"; };
		80DC3487264E4D9D00859D7F /* StringExtensions.swift */ = {isa = PBXFileReference; fileEncoding = 4; lastKnownFileType = sourcecode.swift; path = StringExtensions.swift; sourceTree = "<group>"; };
		80DC3488264E4D9D00859D7F /* Errors.swift */ = {isa = PBXFileReference; fileEncoding = 4; lastKnownFileType = sourcecode.swift; path = Errors.swift; sourceTree = "<group>"; };
		80DC348C264E4DA900859D7F /* DispatchQueue+Extensions.swift */ = {isa = PBXFileReference; fileEncoding = 4; lastKnownFileType = sourcecode.swift; path = "DispatchQueue+Extensions.swift"; sourceTree = "<group>"; };
		80DC3499264E76F600859D7F /* Reachability.swift */ = {isa = PBXFileReference; lastKnownFileType = sourcecode.swift; path = Reachability.swift; sourceTree = "<group>"; };
		80DC34AE264E890600859D7F /* GenreItem+CoreDataClass.swift */ = {isa = PBXFileReference; lastKnownFileType = sourcecode.swift; path = "GenreItem+CoreDataClass.swift"; sourceTree = SOURCE_ROOT; };
		80F59C17264C274800CD4F00 /* Coordinator.swift */ = {isa = PBXFileReference; lastKnownFileType = sourcecode.swift; path = Coordinator.swift; sourceTree = "<group>"; };
		80F59C1A264C284800CD4F00 /* MainCoordinator.swift */ = {isa = PBXFileReference; lastKnownFileType = sourcecode.swift; path = MainCoordinator.swift; sourceTree = "<group>"; };
		899E35BA5323D98A278381C3 /* Pods_MovieApp.framework */ = {isa = PBXFileReference; explicitFileType = wrapper.framework; includeInIndex = 0; path = Pods_MovieApp.framework; sourceTree = BUILT_PRODUCTS_DIR; };
/* End PBXFileReference section */

/* Begin PBXFrameworksBuildPhase section */
		21D43F4B25F0E09C0095AD0B /* Frameworks */ = {
			isa = PBXFrameworksBuildPhase;
			buildActionMask = 2147483647;
			files = (
				880A204B0BB674D2DDA35C00 /* Pods_MovieApp.framework in Frameworks */,
			);
			runOnlyForDeploymentPostprocessing = 0;
		};
		8068D250264EA59B0025EE83 /* Frameworks */ = {
			isa = PBXFrameworksBuildPhase;
			buildActionMask = 2147483647;
			files = (
			);
			runOnlyForDeploymentPostprocessing = 0;
		};
/* End PBXFrameworksBuildPhase section */

/* Begin PBXGroup section */
		21D43F4525F0E09C0095AD0B = {
			isa = PBXGroup;
			children = (
				21D43F5025F0E09C0095AD0B /* MovieApp */,
				8068D254264EA59B0025EE83 /* MovieAppTests */,
				21D43F4F25F0E09C0095AD0B /* Products */,
				82801E5D9FB3F5DA89D2D950 /* Pods */,
				39369A67996D978BF109CF38 /* Frameworks */,
			);
			sourceTree = "<group>";
		};
		21D43F4F25F0E09C0095AD0B /* Products */ = {
			isa = PBXGroup;
			children = (
				21D43F4E25F0E09C0095AD0B /* MovieApp.app */,
				8068D253264EA59B0025EE83 /* MovieAppTests.xctest */,
			);
			name = Products;
			sourceTree = "<group>";
		};
		21D43F5025F0E09C0095AD0B /* MovieApp */ = {
			isa = PBXGroup;
			children = (
				21D43F5125F0E09C0095AD0B /* AppDelegate.swift */,
				21D43F5325F0E09C0095AD0B /* SceneDelegate.swift */,
				80771229264BE19100C184FD /* ModuleBuilder.swift */,
				80F59C17264C274800CD4F00 /* Coordinator.swift */,
				80F59C1A264C284800CD4F00 /* MainCoordinator.swift */,
				80DC3481264E4D7700859D7F /* Utils */,
				80AEF57E264ACCB00087E304 /* ServiceLayer */,
				80DC3402264D52E000859D7F /* CoreDataGenerated */,
				80AEF566264AADBC0087E304 /* MovieListModule */,
				80AEF56D264AAEBD0087E304 /* DetailsModule */,
				21D43F5725F0E09C0095AD0B /* Main.storyboard */,
				21D43F5A25F0E09E0095AD0B /* Assets.xcassets */,
				21D43F5C25F0E09E0095AD0B /* LaunchScreen.storyboard */,
				21D43F5F25F0E09E0095AD0B /* Info.plist */,
				80B603A5264D2D2E0049BB58 /* MovieApp.xcdatamodeld */,
			);
			path = MovieApp;
			sourceTree = "<group>";
		};
		21EFD43725F68F4300DE1ACD /* Model */ = {
			isa = PBXGroup;
			children = (
				21ACD47725FA39A00084DEAF /* FilmDetails.swift */,
			);
			path = Model;
			sourceTree = "<group>";
		};
		39369A67996D978BF109CF38 /* Frameworks */ = {
			isa = PBXGroup;
			children = (
				899E35BA5323D98A278381C3 /* Pods_MovieApp.framework */,
			);
			name = Frameworks;
			sourceTree = "<group>";
		};
		8068D254264EA59B0025EE83 /* MovieAppTests */ = {
			isa = PBXGroup;
			children = (
				8068D25F264EA5E30025EE83 /* MovieViewModelTest.swift */,
				8068D263265031730025EE83 /* DetailsViewModelTest.swift */,
				8068D2692650472F0025EE83 /* CoordinatorTest.swift */,
				8068D255264EA59B0025EE83 /* MovieAppTests.swift */,
				8068D257264EA59B0025EE83 /* Info.plist */,
			);
			path = MovieAppTests;
			sourceTree = "<group>";
		};
		80771221264BCD4F00C184FD /* Protocols */ = {
			isa = PBXGroup;
			children = (
				80AEF5BA264B96AD0087E304 /* MovieListViewModelProtocol.swift */,
				80771223264BCE5500C184FD /* MovieListCellViewModelProtocol.swift */,
				80AEF5BD264B96D90087E304 /* MovieListProtocol.swift */,
			);
			path = Protocols;
			sourceTree = "<group>";
		};
		80AEF565264AADB40087E304 /* ViewModel */ = {
			isa = PBXGroup;
			children = (
				80AEF562264AAD950087E304 /* MovieListViewModel.swift */,
				80771226264BD08700C184FD /* MovieListCellViewModel.swift */,
				80771221264BCD4F00C184FD /* Protocols */,
			);
			path = ViewModel;
			sourceTree = "<group>";
		};
		80AEF566264AADBC0087E304 /* MovieListModule */ = {
			isa = PBXGroup;
			children = (
				80AEF568264AADD90087E304 /* Model */,
				80AEF56C264AAE490087E304 /* View */,
				80AEF565264AADB40087E304 /* ViewModel */,
			);
			path = MovieListModule;
			sourceTree = "<group>";
		};
		80AEF568264AADD90087E304 /* Model */ = {
			isa = PBXGroup;
			children = (
				21EFD42E25F68C3C00DE1ACD /* FilmsApi.swift */,
				21EFD43425F68F3B00DE1ACD /* FilterTitle.swift */,
				21EFD43125F68DCA00DE1ACD /* Filter.swift */,
			);
			path = Model;
			sourceTree = "<group>";
		};
		80AEF56C264AAE490087E304 /* View */ = {
			isa = PBXGroup;
			children = (
				21D43F5525F0E09C0095AD0B /* MovieListViewController.swift */,
				21EFD45525F7AD8F00DE1ACD /* MovieTableViewCell.swift */,
				21EFD43B25F693A500DE1ACD /* FilterCollectionView.swift */,
				21EFD43E25F6973D00DE1ACD /* FilterCollectionViewCell.swift */,
			);
			path = View;
			sourceTree = "<group>";
		};
		80AEF56D264AAEBD0087E304 /* DetailsModule */ = {
			isa = PBXGroup;
			children = (
				21EFD43725F68F4300DE1ACD /* Model */,
				80AEF574264AAF5F0087E304 /* View */,
				80AEF579264AAF850087E304 /* ViewModel */,
			);
			path = DetailsModule;
			sourceTree = "<group>";
		};
		80AEF574264AAF5F0087E304 /* View */ = {
			isa = PBXGroup;
			children = (
				21EFD44F25F79A9100DE1ACD /* DetailsViewController.swift */,
			);
			path = View;
			sourceTree = "<group>";
		};
		80AEF579264AAF850087E304 /* ViewModel */ = {
			isa = PBXGroup;
			children = (
				80AEF576264AAF7C0087E304 /* DetailsViewModel.swift */,
			);
			path = ViewModel;
			sourceTree = "<group>";
		};
		80AEF57E264ACCB00087E304 /* ServiceLayer */ = {
			isa = PBXGroup;
			children = (
				80AEF57B264ACCA30087E304 /* NetworkService.swift */,
				80B6039F264D21E60049BB58 /* CoreDataStack.swift */,
				80DC3473264DC14200859D7F /* CoreDataService.swift */,
				80DC3499264E76F600859D7F /* Reachability.swift */,
			);
			name = ServiceLayer;
			path = MovieListModule/Model/ServiceLayer;
			sourceTree = "<group>";
		};
		80DC3402264D52E000859D7F /* CoreDataGenerated */ = {
			isa = PBXGroup;
			children = (
				80DC345F264D67E400859D7F /* FilmItem+CoreDataClass.swift */,
				80DC34AE264E890600859D7F /* GenreItem+CoreDataClass.swift */,
				8068D229264E98F10025EE83 /* CountryItem+CoreDataClass.swift */,
				8068D230264E9BA10025EE83 /* FilmItem+CoreDataProperties.swift */,
				8068D223264E989D0025EE83 /* GenreItem+CoreDataProperties.swift */,
				8068D22A264E98F10025EE83 /* CountryItem+CoreDataProperties.swift */,
			);
			path = CoreDataGenerated;
			sourceTree = "<group>";
		};
		80DC3481264E4D7700859D7F /* Utils */ = {
			isa = PBXGroup;
			children = (
				80DC348C264E4DA900859D7F /* DispatchQueue+Extensions.swift */,
				80DC3488264E4D9D00859D7F /* Errors.swift */,
				80DC3487264E4D9D00859D7F /* StringExtensions.swift */,
				80DC3483264E4D8E00859D7F /* IntExtensions.swift */,
				80DC3482264E4D8E00859D7F /* NSSetExtensions.swift */,
			);
			path = Utils;
			sourceTree = "<group>";
		};
		82801E5D9FB3F5DA89D2D950 /* Pods */ = {
			isa = PBXGroup;
			children = (
				1941B71E0C0E2438A0895D99 /* Pods-MovieApp.debug.xcconfig */,
				7AFD45207B786D5061E6D8B2 /* Pods-MovieApp.release.xcconfig */,
			);
			path = Pods;
			sourceTree = "<group>";
		};
/* End PBXGroup section */

/* Begin PBXNativeTarget section */
		21D43F4D25F0E09C0095AD0B /* MovieApp */ = {
			isa = PBXNativeTarget;
			buildConfigurationList = 21D43F6225F0E09E0095AD0B /* Build configuration list for PBXNativeTarget "MovieApp" */;
			buildPhases = (
				49D3ABD5B83895BA8DBE9280 /* [CP] Check Pods Manifest.lock */,
				2120B42825F10F4800F18F8B /* SwiftFormat */,
				2120B42425F0E8E300F18F8B /* SwiftLint */,
				21D43F4A25F0E09C0095AD0B /* Sources */,
				21D43F4B25F0E09C0095AD0B /* Frameworks */,
				21D43F4C25F0E09C0095AD0B /* Resources */,
				37BC6AEDDAD1B5AC90D66FC3 /* [CP] Embed Pods Frameworks */,
			);
			buildRules = (
			);
			dependencies = (
			);
			name = MovieApp;
			productName = MovieApp;
			productReference = 21D43F4E25F0E09C0095AD0B /* MovieApp.app */;
			productType = "com.apple.product-type.application";
		};
		8068D252264EA59B0025EE83 /* MovieAppTests */ = {
			isa = PBXNativeTarget;
			buildConfigurationList = 8068D25C264EA59B0025EE83 /* Build configuration list for PBXNativeTarget "MovieAppTests" */;
			buildPhases = (
				8068D24F264EA59B0025EE83 /* Sources */,
				8068D250264EA59B0025EE83 /* Frameworks */,
				8068D251264EA59B0025EE83 /* Resources */,
			);
			buildRules = (
			);
			dependencies = (
				8068D259264EA59B0025EE83 /* PBXTargetDependency */,
			);
			name = MovieAppTests;
			productName = MovieAppTests;
			productReference = 8068D253264EA59B0025EE83 /* MovieAppTests.xctest */;
			productType = "com.apple.product-type.bundle.unit-test";
		};
/* End PBXNativeTarget section */

/* Begin PBXProject section */
		21D43F4625F0E09C0095AD0B /* Project object */ = {
			isa = PBXProject;
			attributes = {
				LastSwiftUpdateCheck = 1220;
				LastUpgradeCheck = 1210;
				TargetAttributes = {
					21D43F4D25F0E09C0095AD0B = {
						CreatedOnToolsVersion = 12.1;
					};
					8068D252264EA59B0025EE83 = {
						CreatedOnToolsVersion = 12.2;
						TestTargetID = 21D43F4D25F0E09C0095AD0B;
					};
				};
			};
			buildConfigurationList = 21D43F4925F0E09C0095AD0B /* Build configuration list for PBXProject "MovieApp" */;
			compatibilityVersion = "Xcode 9.3";
			developmentRegion = en;
			hasScannedForEncodings = 0;
			knownRegions = (
				en,
				Base,
			);
			mainGroup = 21D43F4525F0E09C0095AD0B;
			productRefGroup = 21D43F4F25F0E09C0095AD0B /* Products */;
			projectDirPath = "";
			projectRoot = "";
			targets = (
				21D43F4D25F0E09C0095AD0B /* MovieApp */,
				8068D252264EA59B0025EE83 /* MovieAppTests */,
			);
		};
/* End PBXProject section */

/* Begin PBXResourcesBuildPhase section */
		21D43F4C25F0E09C0095AD0B /* Resources */ = {
			isa = PBXResourcesBuildPhase;
			buildActionMask = 2147483647;
			files = (
				21D43F5E25F0E09E0095AD0B /* LaunchScreen.storyboard in Resources */,
				21D43F5B25F0E09E0095AD0B /* Assets.xcassets in Resources */,
				21D43F5925F0E09C0095AD0B /* Main.storyboard in Resources */,
			);
			runOnlyForDeploymentPostprocessing = 0;
		};
		8068D251264EA59B0025EE83 /* Resources */ = {
			isa = PBXResourcesBuildPhase;
			buildActionMask = 2147483647;
			files = (
			);
			runOnlyForDeploymentPostprocessing = 0;
		};
/* End PBXResourcesBuildPhase section */

/* Begin PBXShellScriptBuildPhase section */
		2120B42425F0E8E300F18F8B /* SwiftLint */ = {
			isa = PBXShellScriptBuildPhase;
			buildActionMask = 2147483647;
			files = (
			);
			inputFileListPaths = (
			);
			inputPaths = (
			);
			name = SwiftLint;
			outputFileListPaths = (
			);
			outputPaths = (
			);
			runOnlyForDeploymentPostprocessing = 0;
			shellPath = /bin/sh;
			shellScript = "${PODS_ROOT}/SwiftLint/swiftlint\n";
		};
		2120B42825F10F4800F18F8B /* SwiftFormat */ = {
			isa = PBXShellScriptBuildPhase;
			buildActionMask = 2147483647;
			files = (
			);
			inputFileListPaths = (
			);
			inputPaths = (
			);
			name = SwiftFormat;
			outputFileListPaths = (
			);
			outputPaths = (
			);
			runOnlyForDeploymentPostprocessing = 0;
			shellPath = /bin/sh;
			shellScript = "\"${PODS_ROOT}/SwiftFormat/CommandLineTool/swiftformat\" \"$SRCROOT\"\n";
		};
		37BC6AEDDAD1B5AC90D66FC3 /* [CP] Embed Pods Frameworks */ = {
			isa = PBXShellScriptBuildPhase;
			buildActionMask = 2147483647;
			files = (
			);
			inputFileListPaths = (
				"${PODS_ROOT}/Target Support Files/Pods-MovieApp/Pods-MovieApp-frameworks-${CONFIGURATION}-input-files.xcfilelist",
			);
			name = "[CP] Embed Pods Frameworks";
			outputFileListPaths = (
				"${PODS_ROOT}/Target Support Files/Pods-MovieApp/Pods-MovieApp-frameworks-${CONFIGURATION}-output-files.xcfilelist",
			);
			runOnlyForDeploymentPostprocessing = 0;
			shellPath = /bin/sh;
			shellScript = "\"${PODS_ROOT}/Target Support Files/Pods-MovieApp/Pods-MovieApp-frameworks.sh\"\n";
			showEnvVarsInLog = 0;
		};
		49D3ABD5B83895BA8DBE9280 /* [CP] Check Pods Manifest.lock */ = {
			isa = PBXShellScriptBuildPhase;
			buildActionMask = 2147483647;
			files = (
			);
			inputFileListPaths = (
			);
			inputPaths = (
				"${PODS_PODFILE_DIR_PATH}/Podfile.lock",
				"${PODS_ROOT}/Manifest.lock",
			);
			name = "[CP] Check Pods Manifest.lock";
			outputFileListPaths = (
			);
			outputPaths = (
				"$(DERIVED_FILE_DIR)/Pods-MovieApp-checkManifestLockResult.txt",
			);
			runOnlyForDeploymentPostprocessing = 0;
			shellPath = /bin/sh;
			shellScript = "diff \"${PODS_PODFILE_DIR_PATH}/Podfile.lock\" \"${PODS_ROOT}/Manifest.lock\" > /dev/null\nif [ $? != 0 ] ; then\n    # print error to STDERR\n    echo \"error: The sandbox is not in sync with the Podfile.lock. Run 'pod install' or update your CocoaPods installation.\" >&2\n    exit 1\nfi\n# This output is used by Xcode 'outputs' to avoid re-running this script phase.\necho \"SUCCESS\" > \"${SCRIPT_OUTPUT_FILE_0}\"\n";
			showEnvVarsInLog = 0;
		};
/* End PBXShellScriptBuildPhase section */

/* Begin PBXSourcesBuildPhase section */
		21D43F4A25F0E09C0095AD0B /* Sources */ = {
			isa = PBXSourcesBuildPhase;
			buildActionMask = 2147483647;
			files = (
				80AEF5BE264B96D90087E304 /* MovieListProtocol.swift in Sources */,
				80DC348D264E4DA900859D7F /* DispatchQueue+Extensions.swift in Sources */,
				8068D231264E9BA10025EE83 /* FilmItem+CoreDataProperties.swift in Sources */,
				80F59C1B264C284800CD4F00 /* MainCoordinator.swift in Sources */,
				21EFD45625F7AD8F00DE1ACD /* MovieTableViewCell.swift in Sources */,
				21EFD42F25F68C3C00DE1ACD /* FilmsApi.swift in Sources */,
				80B603A7264D2D2E0049BB58 /* MovieApp.xcdatamodeld in Sources */,
				21ACD47825FA39A00084DEAF /* FilmDetails.swift in Sources */,
				21EFD43225F68DCA00DE1ACD /* Filter.swift in Sources */,
				80AEF577264AAF7C0087E304 /* DetailsViewModel.swift in Sources */,
				21EFD45025F79A9100DE1ACD /* DetailsViewController.swift in Sources */,
				80AEF5BB264B96AD0087E304 /* MovieListViewModelProtocol.swift in Sources */,
				80AEF57C264ACCA30087E304 /* NetworkService.swift in Sources */,
				80771227264BD08700C184FD /* MovieListCellViewModel.swift in Sources */,
				8077122A264BE19100C184FD /* ModuleBuilder.swift in Sources */,
				21EFD43C25F693A500DE1ACD /* FilterCollectionView.swift in Sources */,
				80DC3489264E4D9E00859D7F /* StringExtensions.swift in Sources */,
				80F59C18264C274800CD4F00 /* Coordinator.swift in Sources */,
				80DC348A264E4D9E00859D7F /* Errors.swift in Sources */,
				8068D226264E989D0025EE83 /* GenreItem+CoreDataProperties.swift in Sources */,
				8068D22B264E98F10025EE83 /* CountryItem+CoreDataClass.swift in Sources */,
				21D43F5625F0E09C0095AD0B /* MovieListViewController.swift in Sources */,
				80AEF563264AAD950087E304 /* MovieListViewModel.swift in Sources */,
				80DC3474264DC14200859D7F /* CoreDataService.swift in Sources */,
				8068D22C264E98F10025EE83 /* CountryItem+CoreDataProperties.swift in Sources */,
				80771224264BCE5500C184FD /* MovieListCellViewModelProtocol.swift in Sources */,
				80B603A0264D21E60049BB58 /* CoreDataStack.swift in Sources */,
				80DC3485264E4D8E00859D7F /* IntExtensions.swift in Sources */,
				21EFD43525F68F3B00DE1ACD /* FilterTitle.swift in Sources */,
				21D43F5225F0E09C0095AD0B /* AppDelegate.swift in Sources */,
				80DC34B1264E890600859D7F /* GenreItem+CoreDataClass.swift in Sources */,
				21EFD43F25F6973D00DE1ACD /* FilterCollectionViewCell.swift in Sources */,
				80DC3465264D67E400859D7F /* FilmItem+CoreDataClass.swift in Sources */,
				80DC3484264E4D8E00859D7F /* NSSetExtensions.swift in Sources */,
				80DC349A264E76F600859D7F /* Reachability.swift in Sources */,
				21D43F5425F0E09C0095AD0B /* SceneDelegate.swift in Sources */,
			);
			runOnlyForDeploymentPostprocessing = 0;
		};
		8068D24F264EA59B0025EE83 /* Sources */ = {
			isa = PBXSourcesBuildPhase;
			buildActionMask = 2147483647;
			files = (
				8068D26A2650472F0025EE83 /* CoordinatorTest.swift in Sources */,
				8068D256264EA59B0025EE83 /* MovieAppTests.swift in Sources */,
				8068D260264EA5E30025EE83 /* MovieViewModelTest.swift in Sources */,
				8068D264265031730025EE83 /* DetailsViewModelTest.swift in Sources */,
			);
			runOnlyForDeploymentPostprocessing = 0;
		};
/* End PBXSourcesBuildPhase section */

/* Begin PBXTargetDependency section */
		8068D259264EA59B0025EE83 /* PBXTargetDependency */ = {
			isa = PBXTargetDependency;
			target = 21D43F4D25F0E09C0095AD0B /* MovieApp */;
			targetProxy = 8068D258264EA59B0025EE83 /* PBXContainerItemProxy */;
		};
/* End PBXTargetDependency section */

/* Begin PBXVariantGroup section */
		21D43F5725F0E09C0095AD0B /* Main.storyboard */ = {
			isa = PBXVariantGroup;
			children = (
				21D43F5825F0E09C0095AD0B /* Base */,
			);
			name = Main.storyboard;
			sourceTree = "<group>";
		};
		21D43F5C25F0E09E0095AD0B /* LaunchScreen.storyboard */ = {
			isa = PBXVariantGroup;
			children = (
				21D43F5D25F0E09E0095AD0B /* Base */,
			);
			name = LaunchScreen.storyboard;
			sourceTree = "<group>";
		};
/* End PBXVariantGroup section */

/* Begin XCBuildConfiguration section */
		21D43F6025F0E09E0095AD0B /* Debug */ = {
			isa = XCBuildConfiguration;
			buildSettings = {
				ALWAYS_SEARCH_USER_PATHS = NO;
				CLANG_ANALYZER_NONNULL = YES;
				CLANG_ANALYZER_NUMBER_OBJECT_CONVERSION = YES_AGGRESSIVE;
				CLANG_CXX_LANGUAGE_STANDARD = "gnu++14";
				CLANG_CXX_LIBRARY = "libc++";
				CLANG_ENABLE_MODULES = YES;
				CLANG_ENABLE_OBJC_ARC = YES;
				CLANG_ENABLE_OBJC_WEAK = YES;
				CLANG_WARN_BLOCK_CAPTURE_AUTORELEASING = YES;
				CLANG_WARN_BOOL_CONVERSION = YES;
				CLANG_WARN_COMMA = YES;
				CLANG_WARN_CONSTANT_CONVERSION = YES;
				CLANG_WARN_DEPRECATED_OBJC_IMPLEMENTATIONS = YES;
				CLANG_WARN_DIRECT_OBJC_ISA_USAGE = YES_ERROR;
				CLANG_WARN_DOCUMENTATION_COMMENTS = YES;
				CLANG_WARN_EMPTY_BODY = YES;
				CLANG_WARN_ENUM_CONVERSION = YES;
				CLANG_WARN_INFINITE_RECURSION = YES;
				CLANG_WARN_INT_CONVERSION = YES;
				CLANG_WARN_NON_LITERAL_NULL_CONVERSION = YES;
				CLANG_WARN_OBJC_IMPLICIT_RETAIN_SELF = YES;
				CLANG_WARN_OBJC_LITERAL_CONVERSION = YES;
				CLANG_WARN_OBJC_ROOT_CLASS = YES_ERROR;
				CLANG_WARN_QUOTED_INCLUDE_IN_FRAMEWORK_HEADER = YES;
				CLANG_WARN_RANGE_LOOP_ANALYSIS = YES;
				CLANG_WARN_STRICT_PROTOTYPES = YES;
				CLANG_WARN_SUSPICIOUS_MOVE = YES;
				CLANG_WARN_UNGUARDED_AVAILABILITY = YES_AGGRESSIVE;
				CLANG_WARN_UNREACHABLE_CODE = YES;
				CLANG_WARN__DUPLICATE_METHOD_MATCH = YES;
				COPY_PHASE_STRIP = NO;
				DEBUG_INFORMATION_FORMAT = dwarf;
				ENABLE_STRICT_OBJC_MSGSEND = YES;
				ENABLE_TESTABILITY = YES;
				GCC_C_LANGUAGE_STANDARD = gnu11;
				GCC_DYNAMIC_NO_PIC = NO;
				GCC_NO_COMMON_BLOCKS = YES;
				GCC_OPTIMIZATION_LEVEL = 0;
				GCC_PREPROCESSOR_DEFINITIONS = (
					"DEBUG=1",
					"$(inherited)",
				);
				GCC_WARN_64_TO_32_BIT_CONVERSION = YES;
				GCC_WARN_ABOUT_RETURN_TYPE = YES_ERROR;
				GCC_WARN_UNDECLARED_SELECTOR = YES;
				GCC_WARN_UNINITIALIZED_AUTOS = YES_AGGRESSIVE;
				GCC_WARN_UNUSED_FUNCTION = YES;
				GCC_WARN_UNUSED_VARIABLE = YES;
				IPHONEOS_DEPLOYMENT_TARGET = 14.1;
				MTL_ENABLE_DEBUG_INFO = INCLUDE_SOURCE;
				MTL_FAST_MATH = YES;
				ONLY_ACTIVE_ARCH = YES;
				SDKROOT = iphoneos;
				SWIFT_ACTIVE_COMPILATION_CONDITIONS = DEBUG;
				SWIFT_OPTIMIZATION_LEVEL = "-Onone";
			};
			name = Debug;
		};
		21D43F6125F0E09E0095AD0B /* Release */ = {
			isa = XCBuildConfiguration;
			buildSettings = {
				ALWAYS_SEARCH_USER_PATHS = NO;
				CLANG_ANALYZER_NONNULL = YES;
				CLANG_ANALYZER_NUMBER_OBJECT_CONVERSION = YES_AGGRESSIVE;
				CLANG_CXX_LANGUAGE_STANDARD = "gnu++14";
				CLANG_CXX_LIBRARY = "libc++";
				CLANG_ENABLE_MODULES = YES;
				CLANG_ENABLE_OBJC_ARC = YES;
				CLANG_ENABLE_OBJC_WEAK = YES;
				CLANG_WARN_BLOCK_CAPTURE_AUTORELEASING = YES;
				CLANG_WARN_BOOL_CONVERSION = YES;
				CLANG_WARN_COMMA = YES;
				CLANG_WARN_CONSTANT_CONVERSION = YES;
				CLANG_WARN_DEPRECATED_OBJC_IMPLEMENTATIONS = YES;
				CLANG_WARN_DIRECT_OBJC_ISA_USAGE = YES_ERROR;
				CLANG_WARN_DOCUMENTATION_COMMENTS = YES;
				CLANG_WARN_EMPTY_BODY = YES;
				CLANG_WARN_ENUM_CONVERSION = YES;
				CLANG_WARN_INFINITE_RECURSION = YES;
				CLANG_WARN_INT_CONVERSION = YES;
				CLANG_WARN_NON_LITERAL_NULL_CONVERSION = YES;
				CLANG_WARN_OBJC_IMPLICIT_RETAIN_SELF = YES;
				CLANG_WARN_OBJC_LITERAL_CONVERSION = YES;
				CLANG_WARN_OBJC_ROOT_CLASS = YES_ERROR;
				CLANG_WARN_QUOTED_INCLUDE_IN_FRAMEWORK_HEADER = YES;
				CLANG_WARN_RANGE_LOOP_ANALYSIS = YES;
				CLANG_WARN_STRICT_PROTOTYPES = YES;
				CLANG_WARN_SUSPICIOUS_MOVE = YES;
				CLANG_WARN_UNGUARDED_AVAILABILITY = YES_AGGRESSIVE;
				CLANG_WARN_UNREACHABLE_CODE = YES;
				CLANG_WARN__DUPLICATE_METHOD_MATCH = YES;
				COPY_PHASE_STRIP = NO;
				DEBUG_INFORMATION_FORMAT = "dwarf-with-dsym";
				ENABLE_NS_ASSERTIONS = NO;
				ENABLE_STRICT_OBJC_MSGSEND = YES;
				GCC_C_LANGUAGE_STANDARD = gnu11;
				GCC_NO_COMMON_BLOCKS = YES;
				GCC_WARN_64_TO_32_BIT_CONVERSION = YES;
				GCC_WARN_ABOUT_RETURN_TYPE = YES_ERROR;
				GCC_WARN_UNDECLARED_SELECTOR = YES;
				GCC_WARN_UNINITIALIZED_AUTOS = YES_AGGRESSIVE;
				GCC_WARN_UNUSED_FUNCTION = YES;
				GCC_WARN_UNUSED_VARIABLE = YES;
				IPHONEOS_DEPLOYMENT_TARGET = 14.1;
				MTL_ENABLE_DEBUG_INFO = NO;
				MTL_FAST_MATH = YES;
				SDKROOT = iphoneos;
				SWIFT_COMPILATION_MODE = wholemodule;
				SWIFT_OPTIMIZATION_LEVEL = "-O";
				VALIDATE_PRODUCT = YES;
			};
			name = Release;
		};
		21D43F6325F0E09E0095AD0B /* Debug */ = {
			isa = XCBuildConfiguration;
			baseConfigurationReference = 1941B71E0C0E2438A0895D99 /* Pods-MovieApp.debug.xcconfig */;
			buildSettings = {
				ASSETCATALOG_COMPILER_APPICON_NAME = AppIcon;
				ASSETCATALOG_COMPILER_GLOBAL_ACCENT_COLOR_NAME = AccentColor;
				CODE_SIGN_STYLE = Automatic;
				INFOPLIST_FILE = MovieApp/Info.plist;
				LD_RUNPATH_SEARCH_PATHS = (
					"$(inherited)",
					"@executable_path/Frameworks",
				);
				PRODUCT_BUNDLE_IDENTIFIER = Dainiak.MovieApp;
				PRODUCT_NAME = "$(TARGET_NAME)";
				SWIFT_VERSION = 5.0;
				TARGETED_DEVICE_FAMILY = "1,2";
			};
			name = Debug;
		};
		21D43F6425F0E09E0095AD0B /* Release */ = {
			isa = XCBuildConfiguration;
			baseConfigurationReference = 7AFD45207B786D5061E6D8B2 /* Pods-MovieApp.release.xcconfig */;
			buildSettings = {
				ASSETCATALOG_COMPILER_APPICON_NAME = AppIcon;
				ASSETCATALOG_COMPILER_GLOBAL_ACCENT_COLOR_NAME = AccentColor;
				CODE_SIGN_STYLE = Automatic;
				INFOPLIST_FILE = MovieApp/Info.plist;
				LD_RUNPATH_SEARCH_PATHS = (
					"$(inherited)",
					"@executable_path/Frameworks",
				);
				PRODUCT_BUNDLE_IDENTIFIER = Dainiak.MovieApp;
				PRODUCT_NAME = "$(TARGET_NAME)";
				SWIFT_VERSION = 5.0;
				TARGETED_DEVICE_FAMILY = "1,2";
			};
			name = Release;
		};
		8068D25A264EA59B0025EE83 /* Debug */ = {
			isa = XCBuildConfiguration;
			buildSettings = {
				BUNDLE_LOADER = "$(TEST_HOST)";
				CODE_SIGN_STYLE = Automatic;
				DEVELOPMENT_TEAM = 5D4VP52UZN;
				INFOPLIST_FILE = MovieAppTests/Info.plist;
				IPHONEOS_DEPLOYMENT_TARGET = 14.2;
				LD_RUNPATH_SEARCH_PATHS = (
					"$(inherited)",
					"@executable_path/Frameworks",
					"@loader_path/Frameworks",
				);
				PRODUCT_BUNDLE_IDENTIFIER = Study.MovieAppTests;
				PRODUCT_NAME = "$(TARGET_NAME)";
				SWIFT_VERSION = 5.0;
				TARGETED_DEVICE_FAMILY = "1,2";
				TEST_HOST = "$(BUILT_PRODUCTS_DIR)/MovieApp.app/MovieApp";
			};
			name = Debug;
		};
		8068D25B264EA59B0025EE83 /* Release */ = {
			isa = XCBuildConfiguration;
			buildSettings = {
				BUNDLE_LOADER = "$(TEST_HOST)";
				CODE_SIGN_STYLE = Automatic;
				DEVELOPMENT_TEAM = 5D4VP52UZN;
				INFOPLIST_FILE = MovieAppTests/Info.plist;
				IPHONEOS_DEPLOYMENT_TARGET = 14.2;
				LD_RUNPATH_SEARCH_PATHS = (
					"$(inherited)",
					"@executable_path/Frameworks",
					"@loader_path/Frameworks",
				);
				PRODUCT_BUNDLE_IDENTIFIER = Study.MovieAppTests;
				PRODUCT_NAME = "$(TARGET_NAME)";
				SWIFT_VERSION = 5.0;
				TARGETED_DEVICE_FAMILY = "1,2";
				TEST_HOST = "$(BUILT_PRODUCTS_DIR)/MovieApp.app/MovieApp";
			};
			name = Release;
		};
/* End XCBuildConfiguration section */

/* Begin XCConfigurationList section */
		21D43F4925F0E09C0095AD0B /* Build configuration list for PBXProject "MovieApp" */ = {
			isa = XCConfigurationList;
			buildConfigurations = (
				21D43F6025F0E09E0095AD0B /* Debug */,
				21D43F6125F0E09E0095AD0B /* Release */,
			);
			defaultConfigurationIsVisible = 0;
			defaultConfigurationName = Release;
		};
		21D43F6225F0E09E0095AD0B /* Build configuration list for PBXNativeTarget "MovieApp" */ = {
			isa = XCConfigurationList;
			buildConfigurations = (
				21D43F6325F0E09E0095AD0B /* Debug */,
				21D43F6425F0E09E0095AD0B /* Release */,
			);
			defaultConfigurationIsVisible = 0;
			defaultConfigurationName = Release;
		};
		8068D25C264EA59B0025EE83 /* Build configuration list for PBXNativeTarget "MovieAppTests" */ = {
			isa = XCConfigurationList;
			buildConfigurations = (
				8068D25A264EA59B0025EE83 /* Debug */,
				8068D25B264EA59B0025EE83 /* Release */,
			);
			defaultConfigurationIsVisible = 0;
			defaultConfigurationName = Release;
		};
/* End XCConfigurationList section */

/* Begin XCVersionGroup section */
		80B603A5264D2D2E0049BB58 /* MovieApp.xcdatamodeld */ = {
			isa = XCVersionGroup;
			children = (
				80B603A6264D2D2E0049BB58 /* MovieApp.xcdatamodel */,
			);
			currentVersion = 80B603A6264D2D2E0049BB58 /* MovieApp.xcdatamodel */;
			path = MovieApp.xcdatamodeld;
			sourceTree = "<group>";
			versionGroupType = wrapper.xcdatamodel;
		};
/* End XCVersionGroup section */
	};
	rootObject = 21D43F4625F0E09C0095AD0B /* Project object */;
}
